Microsoft Visual Studio Solution File, Format Version 11.00
# Visual Studio 2008

Project("{7FDC9709-ABB6-92EC-4D7E-8EBA3E41C4F5}") = "desertTank", "Assembly-CSharp-firstpass.csproj", "{7838259C-950F-4466-8CC0-16E87705AD6C}"
EndProject
Project("{7FDC9709-ABB6-92EC-4D7E-8EBA3E41C4F5}") = "desertTank", "Assembly-CSharp.csproj", "{D1C478F4-77D7-E4DF-86C5-09D0A74D3960}"
EndProject
Project("{7FDC9709-ABB6-92EC-4D7E-8EBA3E41C4F5}") = "desertTank", "Assembly-CSharp-Editor.csproj", "{3124CB3B-EEAB-E63C-BD35-8D8F703DCE4B}"
EndProject
Global
	GlobalSection(SolutionConfigurationPlatforms) = preSolution
		Debug|Any CPU = Debug|Any CPU
		Release|Any CPU = Release|Any CPU
	EndGlobalSection
	GlobalSection(ProjectConfigurationPlatforms) = postSolution
		{7838259C-950F-4466-8CC0-16E87705AD6C}.Debug|Any CPU.ActiveCfg = Debug|Any CPU
		{7838259C-950F-4466-8CC0-16E87705AD6C}.Debug|Any CPU.Build.0 = Debug|Any CPU
		{7838259C-950F-4466-8CC0-16E87705AD6C}.Release|Any CPU.ActiveCfg = Release|Any CPU
		{7838259C-950F-4466-8CC0-16E87705AD6C}.Release|Any CPU.Build.0 = Release|Any CPU
		{D1C478F4-77D7-E4DF-86C5-09D0A74D3960}.Debug|Any CPU.ActiveCfg = Debug|Any CPU
		{D1C478F4-77D7-E4DF-86C5-09D0A74D3960}.Debug|Any CPU.Build.0 = Debug|Any CPU
		{D1C478F4-77D7-E4DF-86C5-09D0A74D3960}.Release|Any CPU.ActiveCfg = Release|Any CPU
		{D1C478F4-77D7-E4DF-86C5-09D0A74D3960}.Release|Any CPU.Build.0 = Release|Any CPU
		{3124CB3B-EEAB-E63C-BD35-8D8F703DCE4B}.Debug|Any CPU.ActiveCfg = Debug|Any CPU
		{3124CB3B-EEAB-E63C-BD35-8D8F703DCE4B}.Debug|Any CPU.Build.0 = Debug|Any CPU
		{3124CB3B-EEAB-E63C-BD35-8D8F703DCE4B}.Release|Any CPU.ActiveCfg = Release|Any CPU
		{3124CB3B-EEAB-E63C-BD35-8D8F703DCE4B}.Release|Any CPU.Build.0 = Release|Any CPU
	EndGlobalSection
	GlobalSection(SolutionProperties) = preSolution
		HideSolutionNode = FALSE
	EndGlobalSection
	GlobalSection(MonoDevelopProperties) = preSolution
		StartupItem = Assembly-CSharp.csproj
	EndGlobalSection
EndGlobal
